{
  "name": "node-red-project",
  "version": "0.0.1",
  "lockfileVersion": 1,
  "requires": true,
  "dependencies": {
    "amqp-ts": {
      "version": "1.4.0",
      "resolved": "https://registry.npmjs.org/amqp-ts/-/amqp-ts-1.4.0.tgz",
      "integrity": "sha1-mV3enolALUQA3quZ85NiaiSIwZo=",
      "requires": {
        "amqplib": "^0.4.1",
        "bluebird": "^3.3.5",
        "winston": "^2.2.0"
      }
    },
    "amqplib": {
      "version": "0.4.2",
      "resolved": "https://registry.npmjs.org/amqplib/-/amqplib-0.4.2.tgz",
      "integrity": "sha1-XkoqkUzLMSX5y5H22gfJeqTLE6Y=",
      "requires": {
        "bitsyntax": "~0.0.4",
        "buffer-more-ints": "0.0.2",
        "readable-stream": "1.x >=1.1.9",
        "when": "~3.6.2"
      }
    },
    "argparse": {
      "version": "1.0.10",
      "resolved": "https://registry.npmjs.org/argparse/-/argparse-1.0.10.tgz",
      "integrity": "sha1-vNZ5HqWuCXJeF+WtmIE0zUCz2RE=",
      "requires": {
        "sprintf-js": "~1.0.2"
      }
    },
    "async": {
      "version": "1.0.0",
      "resolved": "https://registry.npmjs.org/async/-/async-1.0.0.tgz",
      "integrity": "sha1-+PwEyjoTeErenhZBr5hXjPvWR6k="
    },
    "bitsyntax": {
      "version": "0.0.4",
      "resolved": "https://registry.npmjs.org/bitsyntax/-/bitsyntax-0.0.4.tgz",
      "integrity": "sha1-6xDMb4K4xJDj6FaY8H6D1G4MuoI=",
      "requires": {
        "buffer-more-ints": "0.0.2"
      }
    },
    "bluebird": {
      "version": "3.5.4",
      "resolved": "https://registry.npmjs.org/bluebird/-/bluebird-3.5.4.tgz",
      "integrity": "sha512-FG+nFEZChJrbQ9tIccIfZJBz3J7mLrAhxakAbnrJWn8d7aKOC+LWifa0G+p4ZqKp4y13T7juYvdhq9NzKdsrjw=="
    },
    "buffer-more-ints": {
      "version": "0.0.2",
      "resolved": "https://registry.npmjs.org/buffer-more-ints/-/buffer-more-ints-0.0.2.tgz",
      "integrity": "sha1-JrOIXRD6E9t/wBquOquHAZngEkw="
    },
    "cfenv": {
      "version": "1.2.2",
      "resolved": "https://registry.npmjs.org/cfenv/-/cfenv-1.2.2.tgz",
      "integrity": "sha1-WCO7+2PaygbS9WF+LH9Nhj4bmag=",
      "requires": {
        "js-yaml": "3.13.x",
        "ports": "1.1.x",
        "underscore": "1.9.x"
      }
    },
    "colors": {
      "version": "1.0.3",
      "resolved": "https://registry.npmjs.org/colors/-/colors-1.0.3.tgz",
      "integrity": "sha1-BDP0TYCWgP3rYO0mDxsMJi6CpAs="
    },
    "compromise": {
      "version": "11.13.2",
      "resolved": "https://registry.npmjs.org/compromise/-/compromise-11.13.2.tgz",
      "integrity": "sha512-E1zhtbVNapANcLVCktjm+GxZh+J3pE4epUXb6AgKRr1hYdM8AfUuV+sAS6M7Anuikq9q9HTMVttm1ignDLHt6A==",
      "requires": {
        "efrt-unpack": "2.0.3"
      }
    },
    "core-util-is": {
      "version": "1.0.2",
      "resolved": "https://registry.npmjs.org/core-util-is/-/core-util-is-1.0.2.tgz",
      "integrity": "sha1-tf1UIgqivFq1eqtxQMlAdUUDwac="
    },
    "cycle": {
      "version": "1.0.3",
      "resolved": "https://registry.npmjs.org/cycle/-/cycle-1.0.3.tgz",
      "integrity": "sha1-IegLK+hYD5i0aPN5QwZisEbDStI="
    },
    "efrt-unpack": {
      "version": "2.0.3",
      "resolved": "https://registry.npmjs.org/efrt-unpack/-/efrt-unpack-2.0.3.tgz",
      "integrity": "sha512-ocvMy2FUrwdO8mfbe8abpb9hEC8GqifH5/VONgb9aPNOTakRcJVTaLMBG6TBQ64Y7qEVABIkVA9jacdKJErE+g=="
    },
    "esprima": {
      "version": "4.0.1",
      "resolved": "https://registry.npmjs.org/esprima/-/esprima-4.0.1.tgz",
      "integrity": "sha1-E7BM2z5sXRnfkatph6hpVhmwqnE="
    },
    "eyes": {
      "version": "0.1.8",
      "resolved": "https://registry.npmjs.org/eyes/-/eyes-0.1.8.tgz",
      "integrity": "sha1-Ys8SAjTGg3hdkCNIqADvPgzCC8A="
    },
    "get-urls": {
      "version": "9.1.0",
      "resolved": "https://registry.npmjs.org/get-urls/-/get-urls-9.1.0.tgz",
      "integrity": "sha512-hp4c9xj6YnPTfTn8/ZkmhR5I4QTuUk9/NWDA0L4YLDoohQaDIF4C4nqvpEZUfmWDePVl1Ze8wPByyLItNkLtyg==",
      "requires": {
        "normalize-url": "^4.3.0",
        "url-regex": "^4.1.1"
      }
    },
    "inherits": {
      "version": "2.0.3",
      "resolved": "https://registry.npmjs.org/inherits/-/inherits-2.0.3.tgz",
      "integrity": "sha1-Yzwsg+PaQqUC9SRmAiSA9CCCYd4="
    },
    "ip-regex": {
      "version": "1.0.3",
      "resolved": "https://registry.npmjs.org/ip-regex/-/ip-regex-1.0.3.tgz",
      "integrity": "sha1-3FiQdvZZ9BnCIgOaMzFvHHOH7/0="
    },
    "isarray": {
      "version": "0.0.1",
      "resolved": "https://registry.npmjs.org/isarray/-/isarray-0.0.1.tgz",
      "integrity": "sha1-ihis/Kmo9Bd+Cav8YDiTmwXR7t8="
    },
    "isstream": {
      "version": "0.1.2",
      "resolved": "https://registry.npmjs.org/isstream/-/isstream-0.1.2.tgz",
      "integrity": "sha1-R+Y/evVa+m+S4VAOaQ64uFKcCZo="
    },
    "js-yaml": {
      "version": "3.13.0",
      "resolved": "https://registry.npmjs.org/js-yaml/-/js-yaml-3.13.0.tgz",
      "integrity": "sha1-OO5xeKwO6iyX/22W//SxjH2M+Y4=",
      "requires": {
        "argparse": "^1.0.7",
        "esprima": "^4.0.0"
      }
    },
    "memory-pager": {
      "version": "1.5.0",
      "resolved": "https://registry.npmjs.org/memory-pager/-/memory-pager-1.5.0.tgz",
      "integrity": "sha1-2HUWVdItOEaCdByXLyw9bfo+ZrU=",
      "optional": true
    },
    "node-red-contrib-amqp": {
      "version": "0.4.5",
      "resolved": "https://registry.npmjs.org/node-red-contrib-amqp/-/node-red-contrib-amqp-0.4.5.tgz",
      "integrity": "sha1-33MrHAqFANe6IcDCxTLnz/eUB4w=",
      "requires": {
        "amqp-ts": "^1.0.0"
      }
    },
    "node-red-contrib-mongodb3": {
      "version": "2.0.0",
      "resolved": "https://registry.npmjs.org/node-red-contrib-mongodb3/-/node-red-contrib-mongodb3-2.0.0.tgz",
      "integrity": "sha1-EWtW7nd86ZhcLYXYgvUwvIjJn0E=",
      "requires": {
        "cfenv": "^1.0.4",
        "mongodb": "^3.0.11"
      },
      "dependencies": {
        "bson": {
          "version": "1.1.1",
          "resolved": "https://registry.npmjs.org/bson/-/bson-1.1.1.tgz",
          "integrity": "sha1-QzD16ZEExOdR5zUYWeLUCCefLxM="
        },
        "mongodb": {
          "version": "3.2.2",
          "resolved": "https://registry.npmjs.org/mongodb/-/mongodb-3.2.2.tgz",
          "integrity": "sha1-SbWSvjzVAJf3jglkSI0YwuGJ3iA=",
          "requires": {
            "mongodb-core": "3.2.2",
            "safe-buffer": "^5.1.2"
          }
        },
        "mongodb-core": {
          "version": "3.2.2",
          "resolved": "https://registry.npmjs.org/mongodb-core/-/mongodb-core-3.2.2.tgz",
          "integrity": "sha1-0cCEs0wQKpi0c0CHgAEV5jnZB8U=",
          "requires": {
            "bson": "^1.1.1",
            "require_optional": "^1.0.1",
            "safe-buffer": "^5.1.2",
            "saslprep": "^1.0.0"
          }
        }
      }
    },
    "normalize-url": {
      "version": "4.3.0",
      "resolved": "https://registry.npmjs.org/normalize-url/-/normalize-url-4.3.0.tgz",
      "integrity": "sha512-0NLtR71o4k6GLP+mr6Ty34c5GA6CMoEsncKJxvQd8NzPxaHRJNnb5gZE8R1XF4CPIS7QPHLJ74IFszwtNVAHVQ=="
    },
    "ports": {
      "version": "1.1.0",
      "resolved": "https://registry.npmjs.org/ports/-/ports-1.1.0.tgz",
      "integrity": "sha1-twGqKF6V2ujJbNonUhdySh9/bGA="
    },
    "readable-stream": {
      "version": "1.1.14",
      "resolved": "https://registry.npmjs.org/readable-stream/-/readable-stream-1.1.14.tgz",
      "integrity": "sha1-fPTFTvZI44EwhMY23SB54WbAgdk=",
      "requires": {
        "core-util-is": "~1.0.0",
        "inherits": "~2.0.1",
        "isarray": "0.0.1",
        "string_decoder": "~0.10.x"
      }
    },
    "require_optional": {
      "version": "1.0.1",
      "resolved": "https://registry.npmjs.org/require_optional/-/require_optional-1.0.1.tgz",
      "integrity": "sha1-TPNaQkf2TKPfjC7yCMxJSxyo/C4=",
      "requires": {
        "resolve-from": "^2.0.0",
        "semver": "^5.1.0"
      }
    },
    "resolve-from": {
      "version": "2.0.0",
      "resolved": "https://registry.npmjs.org/resolve-from/-/resolve-from-2.0.0.tgz",
      "integrity": "sha1-lICrIOlP+h2egKgEx+oUdhGWa1c="
    },
    "safe-buffer": {
      "version": "5.1.2",
      "resolved": "https://registry.npmjs.org/safe-buffer/-/safe-buffer-5.1.2.tgz",
      "integrity": "sha1-mR7GnSluAxN0fVm9/St0XDX4go0="
    },
    "saslprep": {
      "version": "1.0.2",
      "resolved": "https://registry.npmjs.org/saslprep/-/saslprep-1.0.2.tgz",
      "integrity": "sha1-2lq5NubqC7rpEf/sd1NL43DJ9S0=",
      "optional": true,
      "requires": {
        "sparse-bitfield": "^3.0.3"
      }
    },
    "semver": {
      "version": "5.7.0",
      "resolved": "https://registry.npmjs.org/semver/-/semver-5.7.0.tgz",
      "integrity": "sha1-eQp89v6lRZuslhELKbYEEtyP+Ws="
    },
    "sparse-bitfield": {
      "version": "3.0.3",
      "resolved": "https://registry.npmjs.org/sparse-bitfield/-/sparse-bitfield-3.0.3.tgz",
      "integrity": "sha1-/0rm5oZWBWuks+eSqzM004JzyhE=",
      "optional": true,
      "requires": {
        "memory-pager": "^1.0.2"
      }
    },
    "sprintf-js": {
      "version": "1.0.3",
      "resolved": "https://registry.npmjs.org/sprintf-js/-/sprintf-js-1.0.3.tgz",
      "integrity": "sha1-BOaSb2YolTVPPdAVIDYzuFcpfiw="
    },
    "stack-trace": {
      "version": "0.0.10",
      "resolved": "https://registry.npmjs.org/stack-trace/-/stack-trace-0.0.10.tgz",
      "integrity": "sha1-VHxws0fo0ytOEI6hoqFZ5f3eGcA="
    },
    "string_decoder": {
      "version": "0.10.31",
      "resolved": "https://registry.npmjs.org/string_decoder/-/string_decoder-0.10.31.tgz",
      "integrity": "sha1-YuIDvEF2bGwoyfyEMB2rHFMQ+pQ="
    },
    "tlds": {
      "version": "1.203.1",
      "resolved": "https://registry.npmjs.org/tlds/-/tlds-1.203.1.tgz",
      "integrity": "sha512-7MUlYyGJ6rSitEZ3r1Q1QNV8uSIzapS8SmmhSusBuIc7uIxPPwsKllEP0GRp1NS6Ik6F+fRZvnjDWm3ecv2hDw=="
    },
    "underscore": {
      "version": "1.9.1",
      "resolved": "https://registry.npmjs.org/underscore/-/underscore-1.9.1.tgz",
      "integrity": "sha1-BtzjSg5op7q8KbNluOdLiSUgOWE="
    },
    "url-regex": {
      "version": "4.1.1",
      "resolved": "https://registry.npmjs.org/url-regex/-/url-regex-4.1.1.tgz",
      "integrity": "sha512-ViSDgDPNKkrQHI81GLCjdDN+Rsk3tAW/uLXlBOJxtcHzWZjta58Z0APXhfXzS89YszsheMnEvXeDXsWUB53wwA==",
      "requires": {
        "ip-regex": "^1.0.1",
        "tlds": "^1.187.0"
      }
    },
    "when": {
      "version": "3.6.4",
      "resolved": "https://registry.npmjs.org/when/-/when-3.6.4.tgz",
      "integrity": "sha1-RztRfsFZ4rhQBUl6E5g/CVQS404="
    },
    "winston": {
      "version": "2.4.4",
      "resolved": "https://registry.npmjs.org/winston/-/winston-2.4.4.tgz",
      "integrity": "sha512-NBo2Pepn4hK4V01UfcWcDlmiVTs7VTB1h7bgnB0rgP146bYhMxX0ypCz3lBOfNxCO4Zuek7yeT+y/zM1OfMw4Q==",
      "requires": {
        "async": "~1.0.0",
        "colors": "1.0.x",
        "cycle": "1.0.x",
        "eyes": "0.1.x",
        "isstream": "0.1.x",
        "stack-trace": "0.0.x"
      }
    }
  }
}
